
Microsoft Visual Studio Solution File, Format Version 12.00
# Visual Studio Version 17
VisualStudioVersion = 17.3.32825.248
MinimumVisualStudioVersion = 10.0.40219.1
Project("{9A19103F-16F7-4668-BE54-9A1E7A4F7556}") = "HQ.Web", "HQ.Web\HQ.Web.csproj", "{88147C7B-17AE-4C94-AFF9-890B5ADC4EB0}"
EndProject
Project("{9A19103F-16F7-4668-BE54-9A1E7A4F7556}") = "HQ.UseCases", "HQ.UseCases\HQ.UseCases.csproj", "{6044F3D0-B5AF-44D2-883A-0F7D9B112C49}"
EndProject
Project("{9A19103F-16F7-4668-BE54-9A1E7A4F7556}") = "HQ.Infrastructure", "HQ.Infrastructure\HQ.Infrastructure.csproj", "{178CC1C9-BEEF-4083-84E4-F4E57CFF0842}"
EndProject
Project("{FAE04EC0-301F-11D3-BF4B-00C04F79EFBC}") = "HQ.Application", "HQ.Application\HQ.Application.csproj", "{9C4D8470-1C3F-4A52-A8F6-0EA032E7A135}"
EndProject
Project("{FAE04EC0-301F-11D3-BF4B-00C04F79EFBC}") = "HQ.Domain", "HQ.Domain\HQ.Domain.csproj", "{957CF9E0-3284-41CA-B8FB-ACE2DCDE8A31}"
EndProject
Global
	GlobalSection(SolutionConfigurationPlatforms) = preSolution
		Debug|Any CPU = Debug|Any CPU
		Release|Any CPU = Release|Any CPU
	EndGlobalSection
	GlobalSection(ProjectConfigurationPlatforms) = postSolution
		{88147C7B-17AE-4C94-AFF9-890B5ADC4EB0}.Debug|Any CPU.ActiveCfg = Debug|Any CPU
		{88147C7B-17AE-4C94-AFF9-890B5ADC4EB0}.Debug|Any CPU.Build.0 = Debug|Any CPU
		{88147C7B-17AE-4C94-AFF9-890B5ADC4EB0}.Release|Any CPU.ActiveCfg = Release|Any CPU
		{88147C7B-17AE-4C94-AFF9-890B5ADC4EB0}.Release|Any CPU.Build.0 = Release|Any CPU
		{6044F3D0-B5AF-44D2-883A-0F7D9B112C49}.Debug|Any CPU.ActiveCfg = Debug|Any CPU
		{6044F3D0-B5AF-44D2-883A-0F7D9B112C49}.Debug|Any CPU.Build.0 = Debug|Any CPU
		{6044F3D0-B5AF-44D2-883A-0F7D9B112C49}.Release|Any CPU.ActiveCfg = Release|Any CPU
		{6044F3D0-B5AF-44D2-883A-0F7D9B112C49}.Release|Any CPU.Build.0 = Release|Any CPU
		{178CC1C9-BEEF-4083-84E4-F4E57CFF0842}.Debug|Any CPU.ActiveCfg = Debug|Any CPU
		{178CC1C9-BEEF-4083-84E4-F4E57CFF0842}.Debug|Any CPU.Build.0 = Debug|Any CPU
		{178CC1C9-BEEF-4083-84E4-F4E57CFF0842}.Release|Any CPU.ActiveCfg = Release|Any CPU
		{178CC1C9-BEEF-4083-84E4-F4E57CFF0842}.Release|Any CPU.Build.0 = Release|Any CPU
		{9C4D8470-1C3F-4A52-A8F6-0EA032E7A135}.Debug|Any CPU.ActiveCfg = Debug|Any CPU
		{9C4D8470-1C3F-4A52-A8F6-0EA032E7A135}.Debug|Any CPU.Build.0 = Debug|Any CPU
		{9C4D8470-1C3F-4A52-A8F6-0EA032E7A135}.Release|Any CPU.ActiveCfg = Release|Any CPU
		{9C4D8470-1C3F-4A52-A8F6-0EA032E7A135}.Release|Any CPU.Build.0 = Release|Any CPU
		{957CF9E0-3284-41CA-B8FB-ACE2DCDE8A31}.Debug|Any CPU.ActiveCfg = Debug|Any CPU
		{957CF9E0-3284-41CA-B8FB-ACE2DCDE8A31}.Debug|Any CPU.Build.0 = Debug|Any CPU
		{957CF9E0-3284-41CA-B8FB-ACE2DCDE8A31}.Release|Any CPU.ActiveCfg = Release|Any CPU
		{957CF9E0-3284-41CA-B8FB-ACE2DCDE8A31}.Release|Any CPU.Build.0 = Release|Any CPU
	EndGlobalSection
	GlobalSection(SolutionProperties) = preSolution
		HideSolutionNode = FALSE
	EndGlobalSection
	GlobalSection(ExtensibilityGlobals) = postSolution
		SolutionGuid = {034E0C3E-574E-434C-8526-7E38A0C0DA0F}
	EndGlobalSection
EndGlobal
